
Microsoft Visual Studio Solution File, Format Version 12.00
# Visual Studio Version 16
VisualStudioVersion = 16.0.30503.244
MinimumVisualStudioVersion = 10.0.40219.1
Project("{FAE04EC0-301F-11D3-BF4B-00C04F79EFBC}") = "DelegatesAndLinqEtc", "DelegatesAndLinqEtc\DelegatesAndLinqEtc.csproj", "{9AE19B25-FB3F-4B2B-8CA9-F9376F7FE88B}"
EndProject
Global
	GlobalSection(SolutionConfigurationPlatforms) = preSolution
		Debug|Any CPU = Debug|Any CPU
		Release|Any CPU = Release|Any CPU
	EndGlobalSection
	GlobalSection(ProjectConfigurationPlatforms) = postSolution
		{9AE19B25-FB3F-4B2B-8CA9-F9376F7FE88B}.Debug|Any CPU.ActiveCfg = Debug|Any CPU
		{9AE19B25-FB3F-4B2B-8CA9-F9376F7FE88B}.Debug|Any CPU.Build.0 = Debug|Any CPU
		{9AE19B25-FB3F-4B2B-8CA9-F9376F7FE88B}.Release|Any CPU.ActiveCfg = Release|Any CPU
		{9AE19B25-FB3F-4B2B-8CA9-F9376F7FE88B}.Release|Any CPU.Build.0 = Release|Any CPU
	EndGlobalSection
	GlobalSection(SolutionProperties) = preSolution
		HideSolutionNode = FALSE
	EndGlobalSection
	GlobalSection(ExtensibilityGlobals) = postSolution
		SolutionGuid = {DC3F8870-263E-4D24-910C-81220AF0F4C5}
	EndGlobalSection
EndGlobal
